
Microsoft Visual Studio Solution File, Format Version 12.00
# Visual Studio 2013
VisualStudioVersion = 12.0.31101.0
MinimumVisualStudioVersion = 10.0.40219.1
Project("{2150E333-8FDC-42A3-9474-1A3956D46DE8}") = "Engine", "Engine", "{5B439E89-EA51-4781-A169-E7863025FCBA}"
EndProject
Project("{2150E333-8FDC-42A3-9474-1A3956D46DE8}") = "Games", "Games", "{1E70C02C-6E2D-4D28-B159-FFF150C8B884}"
EndProject
Project("{8BC9CEB8-8B4A-11D0-8D11-00A0C91BC942}") = "ButtGame", "Intermediate\ProjectFiles\ButtGame.vcxproj", "{3C9BE68A-8848-44B9-BA24-74753C08BE10}"
EndProject
Project("{8BC9CEB8-8B4A-11D0-8D11-00A0C91BC942}") = "UE4", "Intermediate\ProjectFiles\UE4.vcxproj", "{53031EAE-9D2B-4BF5-B134-38DE27B4F13F}"
EndProject
Global
	GlobalSection(SolutionConfigurationPlatforms) = preSolution
		DebugGame Editor|Windows = DebugGame Editor|Windows
		DebugGame|Windows = DebugGame|Windows
		Development Editor|Windows = Development Editor|Windows
		Development|Windows = Development|Windows
		Shipping|Windows = Shipping|Windows
	EndGlobalSection
	GlobalSection(ProjectConfigurationPlatforms) = postSolution
		{3C9BE68A-8848-44B9-BA24-74753C08BE10}.DebugGame Editor|Windows.ActiveCfg = DebugGame_Editor|x64
		{3C9BE68A-8848-44B9-BA24-74753C08BE10}.DebugGame Editor|Windows.Build.0 = DebugGame_Editor|x64
		{3C9BE68A-8848-44B9-BA24-74753C08BE10}.DebugGame|Windows.ActiveCfg = DebugGame_Game|x64
		{3C9BE68A-8848-44B9-BA24-74753C08BE10}.DebugGame|Windows.Build.0 = DebugGame_Game|x64
		{3C9BE68A-8848-44B9-BA24-74753C08BE10}.Development Editor|Windows.ActiveCfg = Development_Editor|x64
		{3C9BE68A-8848-44B9-BA24-74753C08BE10}.Development Editor|Windows.Build.0 = Development_Editor|x64
		{3C9BE68A-8848-44B9-BA24-74753C08BE10}.Development|Windows.ActiveCfg = Development_Game|x64
		{3C9BE68A-8848-44B9-BA24-74753C08BE10}.Development|Windows.Build.0 = Development_Game|x64
		{3C9BE68A-8848-44B9-BA24-74753C08BE10}.Shipping|Windows.ActiveCfg = Shipping_Game|Win32
		{3C9BE68A-8848-44B9-BA24-74753C08BE10}.Shipping|Windows.Build.0 = Shipping_Game|Win32
		{53031EAE-9D2B-4BF5-B134-38DE27B4F13F}.DebugGame Editor|Windows.ActiveCfg = BuiltWithUnrealBuildTool|Win32
		{53031EAE-9D2B-4BF5-B134-38DE27B4F13F}.DebugGame|Windows.ActiveCfg = BuiltWithUnrealBuildTool|Win32
		{53031EAE-9D2B-4BF5-B134-38DE27B4F13F}.Development Editor|Windows.ActiveCfg = BuiltWithUnrealBuildTool|Win32
		{53031EAE-9D2B-4BF5-B134-38DE27B4F13F}.Development|Windows.ActiveCfg = BuiltWithUnrealBuildTool|Win32
		{53031EAE-9D2B-4BF5-B134-38DE27B4F13F}.Shipping|Windows.ActiveCfg = BuiltWithUnrealBuildTool|Win32
	EndGlobalSection
	GlobalSection(SolutionProperties) = preSolution
		HideSolutionNode = FALSE
	EndGlobalSection
	GlobalSection(NestedProjects) = preSolution
		{3C9BE68A-8848-44B9-BA24-74753C08BE10} = {1E70C02C-6E2D-4D28-B159-FFF150C8B884}
		{53031EAE-9D2B-4BF5-B134-38DE27B4F13F} = {5B439E89-EA51-4781-A169-E7863025FCBA}
	EndGlobalSection
EndGlobal
